{
  "originHash" : "bfdd8a601be867b44678e2c603b6e04e7895c3d5d558f9fe8147ad2657f39118",
  "pins" : [
    {
      "identity" : "mcpkit",
      "kind" : "remoteSourceControl",
      "location" : "https://github.com/Sunalamye/MCPKit",
      "state" : {
        "revision" : "0bf9df9f0c75058760a81a4e0854a8d1ccafcb82",
        "version" : "0.2.1"
      }
    }
  ],
  "version" : 3
}
