// !$*UTF8*$!
{
	archiveVersion = 1;
	classes = {
	};
	objectVersion = 77;
	objects = {

/* Begin PBXBuildFile section */
		EC3077B02EDC6A1600216E0C /* MortalSwift in Frameworks */ = {isa = PBXBuildFile; productRef = EC3077AF2EDC6A1600216E0C /* MortalSwift */; };
		EC3077B12EDDAFF200216E0C /* MortalSwift in Frameworks */ = {isa = PBXBuildFile; productRef = EC3076D42EDBE64400216E0C /* MortalSwift */; };
		ECAAD5222EE1BBB50056F965 /* MortalSwift in Frameworks */ = {isa = PBXBuildFile; productRef = ECAAD5212EE1BBB50056F965 /* MortalSwift */; };
/* End PBXBuildFile section */

/* Begin PBXContainerItemProxy section */
		ECAAD4292EE1BAB50056F965 /* PBXContainerItemProxy */ = {
			isa = PBXContainerItemProxy;
			containerPortal = EC3076562EDAFD2300216E0C /* Project object */;
			proxyType = 1;
			remoteGlobalIDString = ECAAD41B2EE1BAB40056F965;
			remoteInfo = "Naki-M";
		};
		ECAAD4332EE1BAB60056F965 /* PBXContainerItemProxy */ = {
			isa = PBXContainerItemProxy;
			containerPortal = EC3076562EDAFD2300216E0C /* Project object */;
			proxyType = 1;
			remoteGlobalIDString = ECAAD41B2EE1BAB40056F965;
			remoteInfo = "Naki-M";
		};
/* End PBXContainerItemProxy section */

/* Begin PBXFileReference section */
		EC30765E2EDAFD2300216E0C /* Naki.app */ = {isa = PBXFileReference; explicitFileType = wrapper.application; includeInIndex = 0; path = Naki.app; sourceTree = BUILT_PRODUCTS_DIR; };
		ECAAD41C2EE1BAB40056F965 /* Naki-M.app */ = {isa = PBXFileReference; explicitFileType = wrapper.application; includeInIndex = 0; path = "Naki-M.app"; sourceTree = BUILT_PRODUCTS_DIR; };
		ECAAD4282EE1BAB50056F965 /* Naki-MTests.xctest */ = {isa = PBXFileReference; explicitFileType = wrapper.cfbundle; includeInIndex = 0; path = "Naki-MTests.xctest"; sourceTree = BUILT_PRODUCTS_DIR; };
		ECAAD4322EE1BAB60056F965 /* Naki-MUITests.xctest */ = {isa = PBXFileReference; explicitFileType = wrapper.cfbundle; includeInIndex = 0; path = "Naki-MUITests.xctest"; sourceTree = BUILT_PRODUCTS_DIR; };
/* End PBXFileReference section */

/* Begin PBXFileSystemSynchronizedBuildFileExceptionSet section */
		ECAAD45C2EE1BAD30056F965 /* Exceptions for "Naki" folder in "Naki-MUITests" target */ = {
			isa = PBXFileSystemSynchronizedBuildFileExceptionSet;
			membershipExceptions = (
				App/NakiApp.swift,
			);
			target = ECAAD4312EE1BAB60056F965 /* Naki-MUITests */;
		};
		ECAAD5072EE1BB0E0056F965 /* Exceptions for "command" folder in "Naki" target */ = {
			isa = PBXFileSystemSynchronizedBuildFileExceptionSet;
			membershipExceptions = (
				"Color+Extension.swift",
				Models/GameModels.swift,
				Resources/Assets.xcassets,
				Resources/index.html,
				"Resources/JavaScript/naki-autoplay.js",
				"Resources/JavaScript/naki-core.js",
				"Resources/JavaScript/naki-game-api.js",
				"Resources/JavaScript/naki-websocket.js",
				Services/AutoPlay/AutoPlayService.swift,
				Services/Bot/AutoPlayController.swift,
				Services/Bot/NativeBotController.swift,
				Services/Bridge/LiqiParser.swift,
				Services/Bridge/MajsoulBridge.swift,
				Services/Bridge/MJAIEventStream.swift,
				Services/Bridge/WebSocketInterceptor.swift,
				Services/Debug/DebugServer.swift,
				Services/LogManager.swift,
				Services/MCP/MCPContext.swift,
				Services/MCP/MCPHandler.swift,
				Services/MCP/MCPTool.swift,
				Services/MCP/MCPToolRegistry.swift,
				Services/MCP/Tools/BotTools.swift,
				Services/MCP/Tools/GameTools.swift,
				Services/MCP/Tools/SystemTools.swift,
				Services/MCP/Tools/UITools.swift,
				ViewModels/GameStateManager.swift,
				ViewModels/WebViewModel.swift,
				Views/BotStatusView.swift,
				Views/ContentView.swift,
				Views/LogPanel.swift,
				Views/RecommendationView.swift,
				Views/WebViewController.swift,
			);
			target = EC30765D2EDAFD2300216E0C /* Naki */;
		};
		ECAAD5082EE1BB0E0056F965 /* Exceptions for "command" folder in "Naki-MUITests" target */ = {
			isa = PBXFileSystemSynchronizedBuildFileExceptionSet;
			membershipExceptions = (
				Models/GameModels.swift,
				Services/AutoPlay/AutoPlayService.swift,
				Services/Bot/AutoPlayController.swift,
				Services/Bot/NativeBotController.swift,
				Services/Bridge/LiqiParser.swift,
				Services/Bridge/MajsoulBridge.swift,
				Services/Bridge/MJAIEventStream.swift,
				Services/Bridge/WebSocketInterceptor.swift,
				Services/Debug/DebugServer.swift,
				Services/LogManager.swift,
				Services/MCP/MCPHandler.swift,
				ViewModels/GameStateManager.swift,
				ViewModels/WebViewModel.swift,
				Views/BotStatusView.swift,
				Views/ContentView.swift,
				Views/LogPanel.swift,
				Views/RecommendationView.swift,
				Views/WebViewController.swift,
			);
			target = ECAAD4312EE1BAB60056F965 /* Naki-MUITests */;
		};
		ECAAD50B2EE1BB260056F965 /* Exceptions for "command" folder in "Naki-M" target */ = {
			isa = PBXFileSystemSynchronizedBuildFileExceptionSet;
			membershipExceptions = (
				"Color+Extension.swift",
				Models/GameModels.swift,
				Resources/index.html,
				"Resources/JavaScript/naki-autoplay.js",
				"Resources/JavaScript/naki-core.js",
				"Resources/JavaScript/naki-game-api.js",
				"Resources/JavaScript/naki-websocket.js",
				Services/AutoPlay/AutoPlayService.swift,
				Services/Bot/AutoPlayController.swift,
				Services/Bot/NativeBotController.swift,
				Services/Bridge/LiqiParser.swift,
				Services/Bridge/MajsoulBridge.swift,
				Services/Bridge/MJAIEventStream.swift,
				Services/Bridge/WebSocketInterceptor.swift,
				Services/Debug/DebugServer.swift,
				Services/LogManager.swift,
				Services/MCP/MCPContext.swift,
				Services/MCP/MCPHandler.swift,
				Services/MCP/MCPTool.swift,
				Services/MCP/MCPToolRegistry.swift,
				Services/MCP/Tools/BotTools.swift,
				Services/MCP/Tools/GameTools.swift,
				Services/MCP/Tools/SystemTools.swift,
				Services/MCP/Tools/UITools.swift,
				ViewModels/GameStateManager.swift,
				ViewModels/WebViewModel.swift,
				Views/BotStatusView.swift,
				Views/ContentView.swift,
				Views/LogPanel.swift,
				Views/RecommendationView.swift,
				Views/WebViewController.swift,
			);
			target = ECAAD41B2EE1BAB40056F965 /* Naki-M */;
		};
/* End PBXFileSystemSynchronizedBuildFileExceptionSet section */

/* Begin PBXFileSystemSynchronizedGroupBuildPhaseMembershipExceptionSet section */
		ECAAD45D2EE1BAD30056F965 /* Exceptions for "Naki" folder in "Compile Sources" phase from "Naki-MUITests" target */ = {
			isa = PBXFileSystemSynchronizedGroupBuildPhaseMembershipExceptionSet;
			buildPhase = ECAAD42E2EE1BAB60056F965 /* Sources */;
			membershipExceptions = (
				akagi.entitlements,
			);
		};
		ECAAD5092EE1BB0E0056F965 /* Exceptions for "command" folder in "Compile Sources" phase from "Naki-MUITests" target */ = {
			isa = PBXFileSystemSynchronizedGroupBuildPhaseMembershipExceptionSet;
			buildPhase = ECAAD42E2EE1BAB60056F965 /* Sources */;
			membershipExceptions = (
				Resources/Assets.xcassets,
				Resources/index.html,
				"Resources/JavaScript/naki-autoplay.js",
				"Resources/JavaScript/naki-core.js",
				"Resources/JavaScript/naki-game-api.js",
				"Resources/JavaScript/naki-websocket.js",
			);
		};
/* End PBXFileSystemSynchronizedGroupBuildPhaseMembershipExceptionSet section */

/* Begin PBXFileSystemSynchronizedRootGroup section */
		EC3076602EDAFD2300216E0C /* Naki */ = {
			isa = PBXFileSystemSynchronizedRootGroup;
			exceptions = (
				ECAAD45C2EE1BAD30056F965 /* Exceptions for "Naki" folder in "Naki-MUITests" target */,
				ECAAD45D2EE1BAD30056F965 /* Exceptions for "Naki" folder in "Compile Sources" phase from "Naki-MUITests" target */,
			);
			path = Naki;
			sourceTree = "<group>";
		};
		ECAAD41D2EE1BAB40056F965 /* Naki-M */ = {
			isa = PBXFileSystemSynchronizedRootGroup;
			path = "Naki-M";
			sourceTree = "<group>";
		};
		ECAAD42B2EE1BAB50056F965 /* Naki-MTests */ = {
			isa = PBXFileSystemSynchronizedRootGroup;
			path = "Naki-MTests";
			sourceTree = "<group>";
		};
		ECAAD4352EE1BAB60056F965 /* Naki-MUITests */ = {
			isa = PBXFileSystemSynchronizedRootGroup;
			path = "Naki-MUITests";
			sourceTree = "<group>";
		};
		ECAAD4B72EE1BB090056F965 /* command */ = {
			isa = PBXFileSystemSynchronizedRootGroup;
			exceptions = (
				ECAAD5072EE1BB0E0056F965 /* Exceptions for "command" folder in "Naki" target */,
				ECAAD50B2EE1BB260056F965 /* Exceptions for "command" folder in "Naki-M" target */,
				ECAAD5082EE1BB0E0056F965 /* Exceptions for "command" folder in "Naki-MUITests" target */,
				ECAAD5092EE1BB0E0056F965 /* Exceptions for "command" folder in "Compile Sources" phase from "Naki-MUITests" target */,
			);
			path = command;
			sourceTree = "<group>";
		};
/* End PBXFileSystemSynchronizedRootGroup section */

/* Begin PBXFrameworksBuildPhase section */
		EC30765B2EDAFD2300216E0C /* Frameworks */ = {
			isa = PBXFrameworksBuildPhase;
			buildActionMask = 2147483647;
			files = (
				EC3077B12EDDAFF200216E0C /* MortalSwift in Frameworks */,
				EC3077B02EDC6A1600216E0C /* MortalSwift in Frameworks */,
			);
			runOnlyForDeploymentPostprocessing = 0;
		};
		ECAAD4192EE1BAB40056F965 /* Frameworks */ = {
			isa = PBXFrameworksBuildPhase;
			buildActionMask = 2147483647;
			files = (
				ECAAD5222EE1BBB50056F965 /* MortalSwift in Frameworks */,
			);
			runOnlyForDeploymentPostprocessing = 0;
		};
		ECAAD4252EE1BAB50056F965 /* Frameworks */ = {
			isa = PBXFrameworksBuildPhase;
			buildActionMask = 2147483647;
			files = (
			);
			runOnlyForDeploymentPostprocessing = 0;
		};
		ECAAD42F2EE1BAB60056F965 /* Frameworks */ = {
			isa = PBXFrameworksBuildPhase;
			buildActionMask = 2147483647;
			files = (
			);
			runOnlyForDeploymentPostprocessing = 0;
		};
/* End PBXFrameworksBuildPhase section */

/* Begin PBXGroup section */
		EC3076552EDAFD2300216E0C = {
			isa = PBXGroup;
			children = (
				ECAAD4B72EE1BB090056F965 /* command */,
				EC3076602EDAFD2300216E0C /* Naki */,
				ECAAD41D2EE1BAB40056F965 /* Naki-M */,
				ECAAD42B2EE1BAB50056F965 /* Naki-MTests */,
				ECAAD4352EE1BAB60056F965 /* Naki-MUITests */,
				EC3076D32EDBE64400216E0C /* Frameworks */,
				EC30765F2EDAFD2300216E0C /* Products */,
			);
			sourceTree = "<group>";
		};
		EC30765F2EDAFD2300216E0C /* Products */ = {
			isa = PBXGroup;
			children = (
				EC30765E2EDAFD2300216E0C /* Naki.app */,
				ECAAD41C2EE1BAB40056F965 /* Naki-M.app */,
				ECAAD4282EE1BAB50056F965 /* Naki-MTests.xctest */,
				ECAAD4322EE1BAB60056F965 /* Naki-MUITests.xctest */,
			);
			name = Products;
			sourceTree = "<group>";
		};
		EC3076D32EDBE64400216E0C /* Frameworks */ = {
			isa = PBXGroup;
			children = (
			);
			name = Frameworks;
			sourceTree = "<group>";
		};
/* End PBXGroup section */

/* Begin PBXNativeTarget section */
		EC30765D2EDAFD2300216E0C /* Naki */ = {
			isa = PBXNativeTarget;
			buildConfigurationList = EC3076692EDAFD2500216E0C /* Build configuration list for PBXNativeTarget "Naki" */;
			buildPhases = (
				EC30765A2EDAFD2300216E0C /* Sources */,
				EC30765B2EDAFD2300216E0C /* Frameworks */,
				EC30765C2EDAFD2300216E0C /* Resources */,
			);
			buildRules = (
			);
			dependencies = (
			);
			fileSystemSynchronizedGroups = (
				EC3076602EDAFD2300216E0C /* Naki */,
			);
			name = Naki;
			packageProductDependencies = (
				EC3076D42EDBE64400216E0C /* MortalSwift */,
				EC3077AF2EDC6A1600216E0C /* MortalSwift */,
			);
			productName = akagi;
			productReference = EC30765E2EDAFD2300216E0C /* Naki.app */;
			productType = "com.apple.product-type.application";
		};
		ECAAD41B2EE1BAB40056F965 /* Naki-M */ = {
			isa = PBXNativeTarget;
			buildConfigurationList = ECAAD4402EE1BAB60056F965 /* Build configuration list for PBXNativeTarget "Naki-M" */;
			buildPhases = (
				ECAAD4182EE1BAB40056F965 /* Sources */,
				ECAAD4192EE1BAB40056F965 /* Frameworks */,
				ECAAD41A2EE1BAB40056F965 /* Resources */,
			);
			buildRules = (
			);
			dependencies = (
			);
			fileSystemSynchronizedGroups = (
				ECAAD41D2EE1BAB40056F965 /* Naki-M */,
			);
			name = "Naki-M";
			packageProductDependencies = (
				ECAAD5212EE1BBB50056F965 /* MortalSwift */,
			);
			productName = "Naki-M";
			productReference = ECAAD41C2EE1BAB40056F965 /* Naki-M.app */;
			productType = "com.apple.product-type.application";
		};
		ECAAD4272EE1BAB50056F965 /* Naki-MTests */ = {
			isa = PBXNativeTarget;
			buildConfigurationList = ECAAD4412EE1BAB60056F965 /* Build configuration list for PBXNativeTarget "Naki-MTests" */;
			buildPhases = (
				ECAAD4242EE1BAB50056F965 /* Sources */,
				ECAAD4252EE1BAB50056F965 /* Frameworks */,
				ECAAD4262EE1BAB50056F965 /* Resources */,
			);
			buildRules = (
			);
			dependencies = (
				ECAAD42A2EE1BAB50056F965 /* PBXTargetDependency */,
			);
			fileSystemSynchronizedGroups = (
				ECAAD42B2EE1BAB50056F965 /* Naki-MTests */,
			);
			name = "Naki-MTests";
			packageProductDependencies = (
			);
			productName = "Naki-MTests";
			productReference = ECAAD4282EE1BAB50056F965 /* Naki-MTests.xctest */;
			productType = "com.apple.product-type.bundle.unit-test";
		};
		ECAAD4312EE1BAB60056F965 /* Naki-MUITests */ = {
			isa = PBXNativeTarget;
			buildConfigurationList = ECAAD4422EE1BAB60056F965 /* Build configuration list for PBXNativeTarget "Naki-MUITests" */;
			buildPhases = (
				ECAAD42E2EE1BAB60056F965 /* Sources */,
				ECAAD42F2EE1BAB60056F965 /* Frameworks */,
				ECAAD4302EE1BAB60056F965 /* Resources */,
			);
			buildRules = (
			);
			dependencies = (
				ECAAD4342EE1BAB60056F965 /* PBXTargetDependency */,
			);
			fileSystemSynchronizedGroups = (
				ECAAD4352EE1BAB60056F965 /* Naki-MUITests */,
			);
			name = "Naki-MUITests";
			packageProductDependencies = (
			);
			productName = "Naki-MUITests";
			productReference = ECAAD4322EE1BAB60056F965 /* Naki-MUITests.xctest */;
			productType = "com.apple.product-type.bundle.ui-testing";
		};
/* End PBXNativeTarget section */

/* Begin PBXProject section */
		EC3076562EDAFD2300216E0C /* Project object */ = {
			isa = PBXProject;
			attributes = {
				BuildIndependentTargetsInParallel = 1;
				LastSwiftUpdateCheck = 2600;
				LastUpgradeCheck = 2610;
				TargetAttributes = {
					EC30765D2EDAFD2300216E0C = {
						CreatedOnToolsVersion = 26.0;
					};
					ECAAD41B2EE1BAB40056F965 = {
						CreatedOnToolsVersion = 26.0;
					};
					ECAAD4272EE1BAB50056F965 = {
						CreatedOnToolsVersion = 26.0;
						TestTargetID = ECAAD41B2EE1BAB40056F965;
					};
					ECAAD4312EE1BAB60056F965 = {
						CreatedOnToolsVersion = 26.0;
						TestTargetID = ECAAD41B2EE1BAB40056F965;
					};
				};
			};
			buildConfigurationList = EC3076592EDAFD2300216E0C /* Build configuration list for PBXProject "Naki" */;
			developmentRegion = en;
			hasScannedForEncodings = 0;
			knownRegions = (
				en,
				Base,
			);
			mainGroup = EC3076552EDAFD2300216E0C;
			minimizedProjectReferenceProxies = 1;
			packageReferences = (
				EC3077AE2EDC6A1600216E0C /* XCRemoteSwiftPackageReference "MortalSwift" */,
			);
			preferredProjectObjectVersion = 77;
			productRefGroup = EC30765F2EDAFD2300216E0C /* Products */;
			projectDirPath = "";
			projectRoot = "";
			targets = (
				EC30765D2EDAFD2300216E0C /* Naki */,
				ECAAD41B2EE1BAB40056F965 /* Naki-M */,
				ECAAD4272EE1BAB50056F965 /* Naki-MTests */,
				ECAAD4312EE1BAB60056F965 /* Naki-MUITests */,
			);
		};
/* End PBXProject section */

/* Begin PBXResourcesBuildPhase section */
		EC30765C2EDAFD2300216E0C /* Resources */ = {
			isa = PBXResourcesBuildPhase;
			buildActionMask = 2147483647;
			files = (
			);
			runOnlyForDeploymentPostprocessing = 0;
		};
		ECAAD41A2EE1BAB40056F965 /* Resources */ = {
			isa = PBXResourcesBuildPhase;
			buildActionMask = 2147483647;
			files = (
			);
			runOnlyForDeploymentPostprocessing = 0;
		};
		ECAAD4262EE1BAB50056F965 /* Resources */ = {
			isa = PBXResourcesBuildPhase;
			buildActionMask = 2147483647;
			files = (
			);
			runOnlyForDeploymentPostprocessing = 0;
		};
		ECAAD4302EE1BAB60056F965 /* Resources */ = {
			isa = PBXResourcesBuildPhase;
			buildActionMask = 2147483647;
			files = (
			);
			runOnlyForDeploymentPostprocessing = 0;
		};
/* End PBXResourcesBuildPhase section */

/* Begin PBXSourcesBuildPhase section */
		EC30765A2EDAFD2300216E0C /* Sources */ = {
			isa = PBXSourcesBuildPhase;
			buildActionMask = 2147483647;
			files = (
			);
			runOnlyForDeploymentPostprocessing = 0;
		};
		ECAAD4182EE1BAB40056F965 /* Sources */ = {
			isa = PBXSourcesBuildPhase;
			buildActionMask = 2147483647;
			files = (
			);
			runOnlyForDeploymentPostprocessing = 0;
		};
		ECAAD4242EE1BAB50056F965 /* Sources */ = {
			isa = PBXSourcesBuildPhase;
			buildActionMask = 2147483647;
			files = (
			);
			runOnlyForDeploymentPostprocessing = 0;
		};
		ECAAD42E2EE1BAB60056F965 /* Sources */ = {
			isa = PBXSourcesBuildPhase;
			buildActionMask = 2147483647;
			files = (
			);
			runOnlyForDeploymentPostprocessing = 0;
		};
/* End PBXSourcesBuildPhase section */

/* Begin PBXTargetDependency section */
		ECAAD42A2EE1BAB50056F965 /* PBXTargetDependency */ = {
			isa = PBXTargetDependency;
			target = ECAAD41B2EE1BAB40056F965 /* Naki-M */;
			targetProxy = ECAAD4292EE1BAB50056F965 /* PBXContainerItemProxy */;
		};
		ECAAD4342EE1BAB60056F965 /* PBXTargetDependency */ = {
			isa = PBXTargetDependency;
			target = ECAAD41B2EE1BAB40056F965 /* Naki-M */;
			targetProxy = ECAAD4332EE1BAB60056F965 /* PBXContainerItemProxy */;
		};
/* End PBXTargetDependency section */

/* Begin XCBuildConfiguration section */
		EC3076672EDAFD2500216E0C /* Debug */ = {
			isa = XCBuildConfiguration;
			buildSettings = {
				ALWAYS_SEARCH_USER_PATHS = NO;
				ASSETCATALOG_COMPILER_GENERATE_SWIFT_ASSET_SYMBOL_EXTENSIONS = YES;
				CLANG_ANALYZER_NONNULL = YES;
				CLANG_ANALYZER_NUMBER_OBJECT_CONVERSION = YES_AGGRESSIVE;
				CLANG_CXX_LANGUAGE_STANDARD = "gnu++20";
				CLANG_ENABLE_MODULES = YES;
				CLANG_ENABLE_OBJC_ARC = YES;
				CLANG_ENABLE_OBJC_WEAK = YES;
				CLANG_WARN_BLOCK_CAPTURE_AUTORELEASING = YES;
				CLANG_WARN_BOOL_CONVERSION = YES;
				CLANG_WARN_COMMA = YES;
				CLANG_WARN_CONSTANT_CONVERSION = YES;
				CLANG_WARN_DEPRECATED_OBJC_IMPLEMENTATIONS = YES;
				CLANG_WARN_DIRECT_OBJC_ISA_USAGE = YES_ERROR;
				CLANG_WARN_DOCUMENTATION_COMMENTS = YES;
				CLANG_WARN_EMPTY_BODY = YES;
				CLANG_WARN_ENUM_CONVERSION = YES;
				CLANG_WARN_INFINITE_RECURSION = YES;
				CLANG_WARN_INT_CONVERSION = YES;
				CLANG_WARN_NON_LITERAL_NULL_CONVERSION = YES;
				CLANG_WARN_OBJC_IMPLICIT_RETAIN_SELF = YES;
				CLANG_WARN_OBJC_LITERAL_CONVERSION = YES;
				CLANG_WARN_OBJC_ROOT_CLASS = YES_ERROR;
				CLANG_WARN_QUOTED_INCLUDE_IN_FRAMEWORK_HEADER = YES;
				CLANG_WARN_RANGE_LOOP_ANALYSIS = YES;
				CLANG_WARN_STRICT_PROTOTYPES = YES;
				CLANG_WARN_SUSPICIOUS_MOVE = YES;
				CLANG_WARN_UNGUARDED_AVAILABILITY = YES_AGGRESSIVE;
				CLANG_WARN_UNREACHABLE_CODE = YES;
				CLANG_WARN__DUPLICATE_METHOD_MATCH = YES;
				COPY_PHASE_STRIP = NO;
				DEAD_CODE_STRIPPING = YES;
				DEBUG_INFORMATION_FORMAT = dwarf;
				DEVELOPMENT_TEAM = YRJZ6WG9VC;
				ENABLE_STRICT_OBJC_MSGSEND = YES;
				ENABLE_TESTABILITY = YES;
				ENABLE_USER_SCRIPT_SANDBOXING = YES;
				GCC_C_LANGUAGE_STANDARD = gnu17;
				GCC_DYNAMIC_NO_PIC = NO;
				GCC_NO_COMMON_BLOCKS = YES;
				GCC_OPTIMIZATION_LEVEL = 0;
				GCC_PREPROCESSOR_DEFINITIONS = (
					"DEBUG=1",
					"$(inherited)",
				);
				GCC_WARN_64_TO_32_BIT_CONVERSION = YES;
				GCC_WARN_ABOUT_RETURN_TYPE = YES_ERROR;
				GCC_WARN_UNDECLARED_SELECTOR = YES;
				GCC_WARN_UNINITIALIZED_AUTOS = YES_AGGRESSIVE;
				GCC_WARN_UNUSED_FUNCTION = YES;
				GCC_WARN_UNUSED_VARIABLE = YES;
				LOCALIZATION_PREFERS_STRING_CATALOGS = YES;
				MACOSX_DEPLOYMENT_TARGET = 26.0;
				MTL_ENABLE_DEBUG_INFO = INCLUDE_SOURCE;
				MTL_FAST_MATH = YES;
				ONLY_ACTIVE_ARCH = YES;
				SDKROOT = macosx;
				STRING_CATALOG_GENERATE_SYMBOLS = YES;
				SWIFT_ACTIVE_COMPILATION_CONDITIONS = "DEBUG $(inherited)";
				SWIFT_OPTIMIZATION_LEVEL = "-Onone";
			};
			name = Debug;
		};
		EC3076682EDAFD2500216E0C /* Release */ = {
			isa = XCBuildConfiguration;
			buildSettings = {
				ALWAYS_SEARCH_USER_PATHS = NO;
				ASSETCATALOG_COMPILER_GENERATE_SWIFT_ASSET_SYMBOL_EXTENSIONS = YES;
				CLANG_ANALYZER_NONNULL = YES;
				CLANG_ANALYZER_NUMBER_OBJECT_CONVERSION = YES_AGGRESSIVE;
				CLANG_CXX_LANGUAGE_STANDARD = "gnu++20";
				CLANG_ENABLE_MODULES = YES;
				CLANG_ENABLE_OBJC_ARC = YES;
				CLANG_ENABLE_OBJC_WEAK = YES;
				CLANG_WARN_BLOCK_CAPTURE_AUTORELEASING = YES;
				CLANG_WARN_BOOL_CONVERSION = YES;
				CLANG_WARN_COMMA = YES;
				CLANG_WARN_CONSTANT_CONVERSION = YES;
				CLANG_WARN_DEPRECATED_OBJC_IMPLEMENTATIONS = YES;
				CLANG_WARN_DIRECT_OBJC_ISA_USAGE = YES_ERROR;
				CLANG_WARN_DOCUMENTATION_COMMENTS = YES;
				CLANG_WARN_EMPTY_BODY = YES;
				CLANG_WARN_ENUM_CONVERSION = YES;
				CLANG_WARN_INFINITE_RECURSION = YES;
				CLANG_WARN_INT_CONVERSION = YES;
				CLANG_WARN_NON_LITERAL_NULL_CONVERSION = YES;
				CLANG_WARN_OBJC_IMPLICIT_RETAIN_SELF = YES;
				CLANG_WARN_OBJC_LITERAL_CONVERSION = YES;
				CLANG_WARN_OBJC_ROOT_CLASS = YES_ERROR;
				CLANG_WARN_QUOTED_INCLUDE_IN_FRAMEWORK_HEADER = YES;
				CLANG_WARN_RANGE_LOOP_ANALYSIS = YES;
				CLANG_WARN_STRICT_PROTOTYPES = YES;
				CLANG_WARN_SUSPICIOUS_MOVE = YES;
				CLANG_WARN_UNGUARDED_AVAILABILITY = YES_AGGRESSIVE;
				CLANG_WARN_UNREACHABLE_CODE = YES;
				CLANG_WARN__DUPLICATE_METHOD_MATCH = YES;
				COPY_PHASE_STRIP = NO;
				DEAD_CODE_STRIPPING = YES;
				DEBUG_INFORMATION_FORMAT = "dwarf-with-dsym";
				DEVELOPMENT_TEAM = YRJZ6WG9VC;
				ENABLE_NS_ASSERTIONS = NO;
				ENABLE_STRICT_OBJC_MSGSEND = YES;
				ENABLE_USER_SCRIPT_SANDBOXING = YES;
				GCC_C_LANGUAGE_STANDARD = gnu17;
				GCC_NO_COMMON_BLOCKS = YES;
				GCC_WARN_64_TO_32_BIT_CONVERSION = YES;
				GCC_WARN_ABOUT_RETURN_TYPE = YES_ERROR;
				GCC_WARN_UNDECLARED_SELECTOR = YES;
				GCC_WARN_UNINITIALIZED_AUTOS = YES_AGGRESSIVE;
				GCC_WARN_UNUSED_FUNCTION = YES;
				GCC_WARN_UNUSED_VARIABLE = YES;
				LOCALIZATION_PREFERS_STRING_CATALOGS = YES;
				MACOSX_DEPLOYMENT_TARGET = 26.0;
				MTL_ENABLE_DEBUG_INFO = NO;
				MTL_FAST_MATH = YES;
				SDKROOT = macosx;
				STRING_CATALOG_GENERATE_SYMBOLS = YES;
				SWIFT_COMPILATION_MODE = wholemodule;
			};
			name = Release;
		};
		EC30766A2EDAFD2500216E0C /* Debug */ = {
			isa = XCBuildConfiguration;
			buildSettings = {
				ASSETCATALOG_COMPILER_APPICON_NAME = AppIcon;
				ASSETCATALOG_COMPILER_GLOBAL_ACCENT_COLOR_NAME = AccentColor;
				CODE_SIGN_STYLE = Automatic;
				COMBINE_HIDPI_IMAGES = YES;
				CURRENT_PROJECT_VERSION = 1;
				DEAD_CODE_STRIPPING = YES;
				DEVELOPMENT_TEAM = YRJZ6WG9VC;
				ENABLE_APP_SANDBOX = NO;
				ENABLE_HARDENED_RUNTIME = YES;
				ENABLE_PREVIEWS = YES;
				GENERATE_INFOPLIST_FILE = YES;
				INFOPLIST_KEY_NSHumanReadableCopyright = "";
				LD_RUNPATH_SEARCH_PATHS = (
					"$(inherited)",
					"@executable_path/../Frameworks",
				);
				MARKETING_VERSION = 2.1.2;
				PRODUCT_BUNDLE_IDENTIFIER = org.39c154f25912233a.akagi;
				PRODUCT_NAME = "$(TARGET_NAME)";
				REGISTER_APP_GROUPS = YES;
				STRING_CATALOG_GENERATE_SYMBOLS = YES;
				SWIFT_APPROACHABLE_CONCURRENCY = YES;
				SWIFT_DEFAULT_ACTOR_ISOLATION = MainActor;
				SWIFT_EMIT_LOC_STRINGS = YES;
				SWIFT_UPCOMING_FEATURE_MEMBER_IMPORT_VISIBILITY = YES;
				SWIFT_VERSION = 5.0;
			};
			name = Debug;
		};
		EC30766B2EDAFD2500216E0C /* Release */ = {
			isa = XCBuildConfiguration;
			buildSettings = {
				ASSETCATALOG_COMPILER_APPICON_NAME = AppIcon;
				ASSETCATALOG_COMPILER_GLOBAL_ACCENT_COLOR_NAME = AccentColor;
				CODE_SIGN_STYLE = Automatic;
				COMBINE_HIDPI_IMAGES = YES;
				CURRENT_PROJECT_VERSION = 1;
				DEAD_CODE_STRIPPING = YES;
				DEVELOPMENT_TEAM = YRJZ6WG9VC;
				ENABLE_APP_SANDBOX = NO;
				ENABLE_HARDENED_RUNTIME = YES;
				ENABLE_PREVIEWS = YES;
				GENERATE_INFOPLIST_FILE = YES;
				INFOPLIST_KEY_NSHumanReadableCopyright = "";
				LD_RUNPATH_SEARCH_PATHS = (
					"$(inherited)",
					"@executable_path/../Frameworks",
				);
				MARKETING_VERSION = 2.1.2;
				PRODUCT_BUNDLE_IDENTIFIER = org.39c154f25912233a.akagi;
				PRODUCT_NAME = "$(TARGET_NAME)";
				REGISTER_APP_GROUPS = YES;
				STRING_CATALOG_GENERATE_SYMBOLS = YES;
				SWIFT_APPROACHABLE_CONCURRENCY = YES;
				SWIFT_DEFAULT_ACTOR_ISOLATION = MainActor;
				SWIFT_EMIT_LOC_STRINGS = YES;
				SWIFT_UPCOMING_FEATURE_MEMBER_IMPORT_VISIBILITY = YES;
				SWIFT_VERSION = 5.0;
			};
			name = Release;
		};
		ECAAD43A2EE1BAB60056F965 /* Debug */ = {
			isa = XCBuildConfiguration;
			buildSettings = {
				ASSETCATALOG_COMPILER_APPICON_NAME = AppIcon;
				ASSETCATALOG_COMPILER_GLOBAL_ACCENT_COLOR_NAME = AccentColor;
				CODE_SIGN_STYLE = Automatic;
				CURRENT_PROJECT_VERSION = 1;
				DEVELOPMENT_TEAM = YRJZ6WG9VC;
				ENABLE_PREVIEWS = YES;
				GENERATE_INFOPLIST_FILE = YES;
				INFOPLIST_KEY_UIApplicationSceneManifest_Generation = YES;
				INFOPLIST_KEY_UIApplicationSupportsIndirectInputEvents = YES;
				INFOPLIST_KEY_UILaunchScreen_Generation = YES;
				INFOPLIST_KEY_UISupportedInterfaceOrientations = "UIInterfaceOrientationLandscapeLeft UIInterfaceOrientationLandscapeRight";
				INFOPLIST_KEY_UISupportedInterfaceOrientations_iPad = "UIInterfaceOrientationLandscapeLeft UIInterfaceOrientationLandscapeRight UIInterfaceOrientationPortrait UIInterfaceOrientationPortraitUpsideDown";
				IPHONEOS_DEPLOYMENT_TARGET = 26.0;
				LD_RUNPATH_SEARCH_PATHS = (
					"$(inherited)",
					"@executable_path/Frameworks",
				);
				MARKETING_VERSION = 2.1.2;
				PRODUCT_BUNDLE_IDENTIFIER = "org.39c154f25912233am.Naki-M";
				PRODUCT_NAME = "$(TARGET_NAME)";
				SDKROOT = iphoneos;
				STRING_CATALOG_GENERATE_SYMBOLS = YES;
				SWIFT_APPROACHABLE_CONCURRENCY = YES;
				SWIFT_DEFAULT_ACTOR_ISOLATION = MainActor;
				SWIFT_EMIT_LOC_STRINGS = YES;
				SWIFT_UPCOMING_FEATURE_MEMBER_IMPORT_VISIBILITY = YES;
				SWIFT_VERSION = 5.0;
				TARGETED_DEVICE_FAMILY = "1,2";
			};
			name = Debug;
		};
		ECAAD43B2EE1BAB60056F965 /* Release */ = {
			isa = XCBuildConfiguration;
			buildSettings = {
				ASSETCATALOG_COMPILER_APPICON_NAME = AppIcon;
				ASSETCATALOG_COMPILER_GLOBAL_ACCENT_COLOR_NAME = AccentColor;
				CODE_SIGN_STYLE = Automatic;
				CURRENT_PROJECT_VERSION = 1;
				DEVELOPMENT_TEAM = YRJZ6WG9VC;
				ENABLE_PREVIEWS = YES;
				GENERATE_INFOPLIST_FILE = YES;
				INFOPLIST_KEY_UIApplicationSceneManifest_Generation = YES;
				INFOPLIST_KEY_UIApplicationSupportsIndirectInputEvents = YES;
				INFOPLIST_KEY_UILaunchScreen_Generation = YES;
				INFOPLIST_KEY_UISupportedInterfaceOrientations = "UIInterfaceOrientationLandscapeLeft UIInterfaceOrientationLandscapeRight";
				INFOPLIST_KEY_UISupportedInterfaceOrientations_iPad = "UIInterfaceOrientationLandscapeLeft UIInterfaceOrientationLandscapeRight UIInterfaceOrientationPortrait UIInterfaceOrientationPortraitUpsideDown";
				IPHONEOS_DEPLOYMENT_TARGET = 26.0;
				LD_RUNPATH_SEARCH_PATHS = (
					"$(inherited)",
					"@executable_path/Frameworks",
				);
				MARKETING_VERSION = 2.1.2;
				PRODUCT_BUNDLE_IDENTIFIER = "org.39c154f25912233am.Naki-M";
				PRODUCT_NAME = "$(TARGET_NAME)";
				SDKROOT = iphoneos;
				STRING_CATALOG_GENERATE_SYMBOLS = YES;
				SWIFT_APPROACHABLE_CONCURRENCY = YES;
				SWIFT_DEFAULT_ACTOR_ISOLATION = MainActor;
				SWIFT_EMIT_LOC_STRINGS = YES;
				SWIFT_UPCOMING_FEATURE_MEMBER_IMPORT_VISIBILITY = YES;
				SWIFT_VERSION = 5.0;
				TARGETED_DEVICE_FAMILY = "1,2";
				VALIDATE_PRODUCT = YES;
			};
			name = Release;
		};
		ECAAD43C2EE1BAB60056F965 /* Debug */ = {
			isa = XCBuildConfiguration;
			buildSettings = {
				BUNDLE_LOADER = "$(TEST_HOST)";
				CODE_SIGN_STYLE = Automatic;
				CURRENT_PROJECT_VERSION = 1;
				DEVELOPMENT_TEAM = YRJZ6WG9VC;
				GENERATE_INFOPLIST_FILE = YES;
				IPHONEOS_DEPLOYMENT_TARGET = 26.0;
				MARKETING_VERSION = 2.1.2;
				PRODUCT_BUNDLE_IDENTIFIER = "org.39c154f25912233am.Naki-MTests";
				PRODUCT_NAME = "$(TARGET_NAME)";
				SDKROOT = iphoneos;
				STRING_CATALOG_GENERATE_SYMBOLS = NO;
				SWIFT_APPROACHABLE_CONCURRENCY = YES;
				SWIFT_EMIT_LOC_STRINGS = NO;
				SWIFT_UPCOMING_FEATURE_MEMBER_IMPORT_VISIBILITY = YES;
				SWIFT_VERSION = 5.0;
				TARGETED_DEVICE_FAMILY = "1,2";
				TEST_HOST = "$(BUILT_PRODUCTS_DIR)/Naki-M.app/$(BUNDLE_EXECUTABLE_FOLDER_PATH)/Naki-M";
			};
			name = Debug;
		};
		ECAAD43D2EE1BAB60056F965 /* Release */ = {
			isa = XCBuildConfiguration;
			buildSettings = {
				BUNDLE_LOADER = "$(TEST_HOST)";
				CODE_SIGN_STYLE = Automatic;
				CURRENT_PROJECT_VERSION = 1;
				DEVELOPMENT_TEAM = YRJZ6WG9VC;
				GENERATE_INFOPLIST_FILE = YES;
				IPHONEOS_DEPLOYMENT_TARGET = 26.0;
				MARKETING_VERSION = 2.1.2;
				PRODUCT_BUNDLE_IDENTIFIER = "org.39c154f25912233am.Naki-MTests";
				PRODUCT_NAME = "$(TARGET_NAME)";
				SDKROOT = iphoneos;
				STRING_CATALOG_GENERATE_SYMBOLS = NO;
				SWIFT_APPROACHABLE_CONCURRENCY = YES;
				SWIFT_EMIT_LOC_STRINGS = NO;
				SWIFT_UPCOMING_FEATURE_MEMBER_IMPORT_VISIBILITY = YES;
				SWIFT_VERSION = 5.0;
				TARGETED_DEVICE_FAMILY = "1,2";
				TEST_HOST = "$(BUILT_PRODUCTS_DIR)/Naki-M.app/$(BUNDLE_EXECUTABLE_FOLDER_PATH)/Naki-M";
				VALIDATE_PRODUCT = YES;
			};
			name = Release;
		};
		ECAAD43E2EE1BAB60056F965 /* Debug */ = {
			isa = XCBuildConfiguration;
			buildSettings = {
				CODE_SIGN_STYLE = Automatic;
				CURRENT_PROJECT_VERSION = 1;
				DEVELOPMENT_TEAM = YRJZ6WG9VC;
				GENERATE_INFOPLIST_FILE = YES;
				IPHONEOS_DEPLOYMENT_TARGET = 26.0;
				MARKETING_VERSION = 2.1.2;
				PRODUCT_BUNDLE_IDENTIFIER = "org.39c154f25912233am.Naki-MUITests";
				PRODUCT_NAME = "$(TARGET_NAME)";
				SDKROOT = iphoneos;
				STRING_CATALOG_GENERATE_SYMBOLS = NO;
				SWIFT_APPROACHABLE_CONCURRENCY = YES;
				SWIFT_EMIT_LOC_STRINGS = NO;
				SWIFT_UPCOMING_FEATURE_MEMBER_IMPORT_VISIBILITY = YES;
				SWIFT_VERSION = 5.0;
				TARGETED_DEVICE_FAMILY = "1,2";
				TEST_TARGET_NAME = "Naki-M";
			};
			name = Debug;
		};
		ECAAD43F2EE1BAB60056F965 /* Release */ = {
			isa = XCBuildConfiguration;
			buildSettings = {
				CODE_SIGN_STYLE = Automatic;
				CURRENT_PROJECT_VERSION = 1;
				DEVELOPMENT_TEAM = YRJZ6WG9VC;
				GENERATE_INFOPLIST_FILE = YES;
				IPHONEOS_DEPLOYMENT_TARGET = 26.0;
				MARKETING_VERSION = 2.1.2;
				PRODUCT_BUNDLE_IDENTIFIER = "org.39c154f25912233am.Naki-MUITests";
				PRODUCT_NAME = "$(TARGET_NAME)";
				SDKROOT = iphoneos;
				STRING_CATALOG_GENERATE_SYMBOLS = NO;
				SWIFT_APPROACHABLE_CONCURRENCY = YES;
				SWIFT_EMIT_LOC_STRINGS = NO;
				SWIFT_UPCOMING_FEATURE_MEMBER_IMPORT_VISIBILITY = YES;
				SWIFT_VERSION = 5.0;
				TARGETED_DEVICE_FAMILY = "1,2";
				TEST_TARGET_NAME = "Naki-M";
				VALIDATE_PRODUCT = YES;
			};
			name = Release;
		};
/* End XCBuildConfiguration section */

/* Begin XCConfigurationList section */
		EC3076592EDAFD2300216E0C /* Build configuration list for PBXProject "Naki" */ = {
			isa = XCConfigurationList;
			buildConfigurations = (
				EC3076672EDAFD2500216E0C /* Debug */,
				EC3076682EDAFD2500216E0C /* Release */,
			);
			defaultConfigurationIsVisible = 0;
			defaultConfigurationName = Release;
		};
		EC3076692EDAFD2500216E0C /* Build configuration list for PBXNativeTarget "Naki" */ = {
			isa = XCConfigurationList;
			buildConfigurations = (
				EC30766A2EDAFD2500216E0C /* Debug */,
				EC30766B2EDAFD2500216E0C /* Release */,
			);
			defaultConfigurationIsVisible = 0;
			defaultConfigurationName = Release;
		};
		ECAAD4402EE1BAB60056F965 /* Build configuration list for PBXNativeTarget "Naki-M" */ = {
			isa = XCConfigurationList;
			buildConfigurations = (
				ECAAD43A2EE1BAB60056F965 /* Debug */,
				ECAAD43B2EE1BAB60056F965 /* Release */,
			);
			defaultConfigurationIsVisible = 0;
			defaultConfigurationName = Release;
		};
		ECAAD4412EE1BAB60056F965 /* Build configuration list for PBXNativeTarget "Naki-MTests" */ = {
			isa = XCConfigurationList;
			buildConfigurations = (
				ECAAD43C2EE1BAB60056F965 /* Debug */,
				ECAAD43D2EE1BAB60056F965 /* Release */,
			);
			defaultConfigurationIsVisible = 0;
			defaultConfigurationName = Release;
		};
		ECAAD4422EE1BAB60056F965 /* Build configuration list for PBXNativeTarget "Naki-MUITests" */ = {
			isa = XCConfigurationList;
			buildConfigurations = (
				ECAAD43E2EE1BAB60056F965 /* Debug */,
				ECAAD43F2EE1BAB60056F965 /* Release */,
			);
			defaultConfigurationIsVisible = 0;
			defaultConfigurationName = Release;
		};
/* End XCConfigurationList section */

/* Begin XCRemoteSwiftPackageReference section */
		EC3077AE2EDC6A1600216E0C /* XCRemoteSwiftPackageReference "MortalSwift" */ = {
			isa = XCRemoteSwiftPackageReference;
			repositoryURL = "https://github.com/Sunalamye/MortalSwift";
			requirement = {
				kind = upToNextMinorVersion;
				minimumVersion = 0.3.0;
			};
		};
/* End XCRemoteSwiftPackageReference section */

/* Begin XCSwiftPackageProductDependency section */
		EC3076D42EDBE64400216E0C /* MortalSwift */ = {
			isa = XCSwiftPackageProductDependency;
			productName = MortalSwift;
		};
		EC3077AF2EDC6A1600216E0C /* MortalSwift */ = {
			isa = XCSwiftPackageProductDependency;
			package = EC3077AE2EDC6A1600216E0C /* XCRemoteSwiftPackageReference "MortalSwift" */;
			productName = MortalSwift;
		};
		ECAAD5212EE1BBB50056F965 /* MortalSwift */ = {
			isa = XCSwiftPackageProductDependency;
			package = EC3077AE2EDC6A1600216E0C /* XCRemoteSwiftPackageReference "MortalSwift" */;
			productName = MortalSwift;
		};
/* End XCSwiftPackageProductDependency section */
	};
	rootObject = EC3076562EDAFD2300216E0C /* Project object */;
}
